
Microsoft Visual Studio Solution File, Format Version 12.00
# Visual Studio Version 17
VisualStudioVersion = 17.2.32630.192
MinimumVisualStudioVersion = 10.0.40219.1
Project("{FAE04EC0-301F-11D3-BF4B-00C04F79EFBC}") = "天气预报", "天气预报\天气预报.csproj", "{CE8E51F2-F58C-4B88-B294-A5F79B3A45A9}"
EndProject
Global
	GlobalSection(SolutionConfigurationPlatforms) = preSolution
		Debug|Any CPU = Debug|Any CPU
		Release|Any CPU = Release|Any CPU
	EndGlobalSection
	GlobalSection(ProjectConfigurationPlatforms) = postSolution
		{CE8E51F2-F58C-4B88-B294-A5F79B3A45A9}.Debug|Any CPU.ActiveCfg = Debug|Any CPU
		{CE8E51F2-F58C-4B88-B294-A5F79B3A45A9}.Debug|Any CPU.Build.0 = Debug|Any CPU
		{CE8E51F2-F58C-4B88-B294-A5F79B3A45A9}.Release|Any CPU.ActiveCfg = Release|Any CPU
		{CE8E51F2-F58C-4B88-B294-A5F79B3A45A9}.Release|Any CPU.Build.0 = Release|Any CPU
	EndGlobalSection
	GlobalSection(SolutionProperties) = preSolution
		HideSolutionNode = FALSE
	EndGlobalSection
	GlobalSection(ExtensibilityGlobals) = postSolution
		SolutionGuid = {2839848B-FA63-445D-990C-BBE976129802}
	EndGlobalSection
EndGlobal
